
Microsoft Visual Studio Solution File, Format Version 12.00
# Visual Studio Version 16
VisualStudioVersion = 16.0.29230.61
MinimumVisualStudioVersion = 10.0.40219.1
Project("{FAE04EC0-301F-11D3-BF4B-00C04F79EFBC}") = "Nursery.Common", "Nursery.Common\Nursery.Common.csproj", "{F7BF6C9C-51FB-4367-BF79-0CBD2E624CD4}"
EndProject
Project("{2150E333-8FDC-42A3-9474-1A3956D46DE8}") = "Backend", "Backend", "{14D89BFA-CCB8-4699-B4A5-3FD498EDAF91}"
EndProject
Project("{2150E333-8FDC-42A3-9474-1A3956D46DE8}") = "Frontend", "Frontend", "{47B42F80-76A3-4934-AC47-A93C2DF0B08F}"
EndProject
Project("{FAE04EC0-301F-11D3-BF4B-00C04F79EFBC}") = "Nursery.Web", "Nursery.Web\Nursery.Web.csproj", "{C3E7E878-8F5E-4DA0-97AF-2C631D4F2C42}"
EndProject
Project("{2150E333-8FDC-42A3-9474-1A3956D46DE8}") = "Forms", "Forms", "{DADD4AAE-BEF0-4387-BCFE-14DC8BDFDECE}"
EndProject
Project("{2150E333-8FDC-42A3-9474-1A3956D46DE8}") = "Classic", "Classic", "{85C42C15-1F9A-45DD-B7BD-913B9D5B23A1}"
EndProject
Project("{FAE04EC0-301F-11D3-BF4B-00C04F79EFBC}") = "Nursery.UIForms.Android", "Nursery.UIForms\Nursery.UIForms.Android\Nursery.UIForms.Android.csproj", "{598EAC70-9AF1-490B-B913-EB3FC03D38F6}"
EndProject
Project("{FAE04EC0-301F-11D3-BF4B-00C04F79EFBC}") = "Nursery.UIForms.iOS", "Nursery.UIForms\Nursery.UIForms.iOS\Nursery.UIForms.iOS.csproj", "{7F93E399-C344-4FFD-A162-2599CF046252}"
EndProject
Project("{FAE04EC0-301F-11D3-BF4B-00C04F79EFBC}") = "Nursery.UIForms", "Nursery.UIForms\Nursery.UIForms\Nursery.UIForms.csproj", "{D64E2946-E9A3-43F2-9896-9F44594B6947}"
EndProject
Project("{FAE04EC0-301F-11D3-BF4B-00C04F79EFBC}") = "Nursery.UIClassic", "Nursery.UIClassic\Nursery.UIClassic.csproj", "{8B983D25-2EA9-40A9-A58D-5C651B610D75}"
EndProject
Project("{FAE04EC0-301F-11D3-BF4B-00C04F79EFBC}") = "Nursery.UIClassic.Android", "Nursery.UIClassic.Android\Nursery.UIClassic.Android.csproj", "{CA5C7FDE-13E8-4544-82A5-4E288264AD4C}"
EndProject
Project("{FAE04EC0-301F-11D3-BF4B-00C04F79EFBC}") = "Nursery.UIClassic.iOS", "Nursery.UIClassic.iOS\Nursery.UIClassic.iOS.csproj", "{8C3495BA-3000-4A8A-AC91-D4D42A8E8305}"
EndProject
Global
	GlobalSection(SolutionConfigurationPlatforms) = preSolution
		Debug|Any CPU = Debug|Any CPU
		Debug|iPhone = Debug|iPhone
		Debug|iPhoneSimulator = Debug|iPhoneSimulator
		Release|Any CPU = Release|Any CPU
		Release|iPhone = Release|iPhone
		Release|iPhoneSimulator = Release|iPhoneSimulator
	EndGlobalSection
	GlobalSection(ProjectConfigurationPlatforms) = postSolution
		{F7BF6C9C-51FB-4367-BF79-0CBD2E624CD4}.Debug|Any CPU.ActiveCfg = Debug|Any CPU
		{F7BF6C9C-51FB-4367-BF79-0CBD2E624CD4}.Debug|Any CPU.Build.0 = Debug|Any CPU
		{F7BF6C9C-51FB-4367-BF79-0CBD2E624CD4}.Debug|iPhone.ActiveCfg = Debug|Any CPU
		{F7BF6C9C-51FB-4367-BF79-0CBD2E624CD4}.Debug|iPhone.Build.0 = Debug|Any CPU
		{F7BF6C9C-51FB-4367-BF79-0CBD2E624CD4}.Debug|iPhoneSimulator.ActiveCfg = Debug|Any CPU
		{F7BF6C9C-51FB-4367-BF79-0CBD2E624CD4}.Debug|iPhoneSimulator.Build.0 = Debug|Any CPU
		{F7BF6C9C-51FB-4367-BF79-0CBD2E624CD4}.Release|Any CPU.ActiveCfg = Release|Any CPU
		{F7BF6C9C-51FB-4367-BF79-0CBD2E624CD4}.Release|Any CPU.Build.0 = Release|Any CPU
		{F7BF6C9C-51FB-4367-BF79-0CBD2E624CD4}.Release|iPhone.ActiveCfg = Release|Any CPU
		{F7BF6C9C-51FB-4367-BF79-0CBD2E624CD4}.Release|iPhone.Build.0 = Release|Any CPU
		{F7BF6C9C-51FB-4367-BF79-0CBD2E624CD4}.Release|iPhoneSimulator.ActiveCfg = Release|Any CPU
		{F7BF6C9C-51FB-4367-BF79-0CBD2E624CD4}.Release|iPhoneSimulator.Build.0 = Release|Any CPU
		{C3E7E878-8F5E-4DA0-97AF-2C631D4F2C42}.Debug|Any CPU.ActiveCfg = Debug|Any CPU
		{C3E7E878-8F5E-4DA0-97AF-2C631D4F2C42}.Debug|Any CPU.Build.0 = Debug|Any CPU
		{C3E7E878-8F5E-4DA0-97AF-2C631D4F2C42}.Debug|iPhone.ActiveCfg = Debug|Any CPU
		{C3E7E878-8F5E-4DA0-97AF-2C631D4F2C42}.Debug|iPhone.Build.0 = Debug|Any CPU
		{C3E7E878-8F5E-4DA0-97AF-2C631D4F2C42}.Debug|iPhoneSimulator.ActiveCfg = Debug|Any CPU
		{C3E7E878-8F5E-4DA0-97AF-2C631D4F2C42}.Debug|iPhoneSimulator.Build.0 = Debug|Any CPU
		{C3E7E878-8F5E-4DA0-97AF-2C631D4F2C42}.Release|Any CPU.ActiveCfg = Release|Any CPU
		{C3E7E878-8F5E-4DA0-97AF-2C631D4F2C42}.Release|Any CPU.Build.0 = Release|Any CPU
		{C3E7E878-8F5E-4DA0-97AF-2C631D4F2C42}.Release|iPhone.ActiveCfg = Release|Any CPU
		{C3E7E878-8F5E-4DA0-97AF-2C631D4F2C42}.Release|iPhone.Build.0 = Release|Any CPU
		{C3E7E878-8F5E-4DA0-97AF-2C631D4F2C42}.Release|iPhoneSimulator.ActiveCfg = Release|Any CPU
		{C3E7E878-8F5E-4DA0-97AF-2C631D4F2C42}.Release|iPhoneSimulator.Build.0 = Release|Any CPU
		{598EAC70-9AF1-490B-B913-EB3FC03D38F6}.Debug|Any CPU.ActiveCfg = Debug|Any CPU
		{598EAC70-9AF1-490B-B913-EB3FC03D38F6}.Debug|Any CPU.Build.0 = Debug|Any CPU
		{598EAC70-9AF1-490B-B913-EB3FC03D38F6}.Debug|Any CPU.Deploy.0 = Debug|Any CPU
		{598EAC70-9AF1-490B-B913-EB3FC03D38F6}.Debug|iPhone.ActiveCfg = Debug|Any CPU
		{598EAC70-9AF1-490B-B913-EB3FC03D38F6}.Debug|iPhone.Build.0 = Debug|Any CPU
		{598EAC70-9AF1-490B-B913-EB3FC03D38F6}.Debug|iPhone.Deploy.0 = Debug|Any CPU
		{598EAC70-9AF1-490B-B913-EB3FC03D38F6}.Debug|iPhoneSimulator.ActiveCfg = Debug|Any CPU
		{598EAC70-9AF1-490B-B913-EB3FC03D38F6}.Debug|iPhoneSimulator.Build.0 = Debug|Any CPU
		{598EAC70-9AF1-490B-B913-EB3FC03D38F6}.Debug|iPhoneSimulator.Deploy.0 = Debug|Any CPU
		{598EAC70-9AF1-490B-B913-EB3FC03D38F6}.Release|Any CPU.ActiveCfg = Release|Any CPU
		{598EAC70-9AF1-490B-B913-EB3FC03D38F6}.Release|Any CPU.Build.0 = Release|Any CPU
		{598EAC70-9AF1-490B-B913-EB3FC03D38F6}.Release|Any CPU.Deploy.0 = Release|Any CPU
		{598EAC70-9AF1-490B-B913-EB3FC03D38F6}.Release|iPhone.ActiveCfg = Release|Any CPU
		{598EAC70-9AF1-490B-B913-EB3FC03D38F6}.Release|iPhone.Build.0 = Release|Any CPU
		{598EAC70-9AF1-490B-B913-EB3FC03D38F6}.Release|iPhone.Deploy.0 = Release|Any CPU
		{598EAC70-9AF1-490B-B913-EB3FC03D38F6}.Release|iPhoneSimulator.ActiveCfg = Release|Any CPU
		{598EAC70-9AF1-490B-B913-EB3FC03D38F6}.Release|iPhoneSimulator.Build.0 = Release|Any CPU
		{598EAC70-9AF1-490B-B913-EB3FC03D38F6}.Release|iPhoneSimulator.Deploy.0 = Release|Any CPU
		{7F93E399-C344-4FFD-A162-2599CF046252}.Debug|Any CPU.ActiveCfg = Debug|iPhone
		{7F93E399-C344-4FFD-A162-2599CF046252}.Debug|iPhone.ActiveCfg = Debug|iPhone
		{7F93E399-C344-4FFD-A162-2599CF046252}.Debug|iPhone.Build.0 = Debug|iPhone
		{7F93E399-C344-4FFD-A162-2599CF046252}.Debug|iPhoneSimulator.ActiveCfg = Debug|iPhoneSimulator
		{7F93E399-C344-4FFD-A162-2599CF046252}.Debug|iPhoneSimulator.Build.0 = Debug|iPhoneSimulator
		{7F93E399-C344-4FFD-A162-2599CF046252}.Release|Any CPU.ActiveCfg = Release|iPhone
		{7F93E399-C344-4FFD-A162-2599CF046252}.Release|iPhone.ActiveCfg = Release|iPhone
		{7F93E399-C344-4FFD-A162-2599CF046252}.Release|iPhone.Build.0 = Release|iPhone
		{7F93E399-C344-4FFD-A162-2599CF046252}.Release|iPhoneSimulator.ActiveCfg = Release|iPhoneSimulator
		{7F93E399-C344-4FFD-A162-2599CF046252}.Release|iPhoneSimulator.Build.0 = Release|iPhoneSimulator
		{D64E2946-E9A3-43F2-9896-9F44594B6947}.Debug|Any CPU.ActiveCfg = Debug|Any CPU
		{D64E2946-E9A3-43F2-9896-9F44594B6947}.Debug|Any CPU.Build.0 = Debug|Any CPU
		{D64E2946-E9A3-43F2-9896-9F44594B6947}.Debug|iPhone.ActiveCfg = Debug|Any CPU
		{D64E2946-E9A3-43F2-9896-9F44594B6947}.Debug|iPhone.Build.0 = Debug|Any CPU
		{D64E2946-E9A3-43F2-9896-9F44594B6947}.Debug|iPhoneSimulator.ActiveCfg = Debug|Any CPU
		{D64E2946-E9A3-43F2-9896-9F44594B6947}.Debug|iPhoneSimulator.Build.0 = Debug|Any CPU
		{D64E2946-E9A3-43F2-9896-9F44594B6947}.Release|Any CPU.ActiveCfg = Release|Any CPU
		{D64E2946-E9A3-43F2-9896-9F44594B6947}.Release|Any CPU.Build.0 = Release|Any CPU
		{D64E2946-E9A3-43F2-9896-9F44594B6947}.Release|iPhone.ActiveCfg = Release|Any CPU
		{D64E2946-E9A3-43F2-9896-9F44594B6947}.Release|iPhone.Build.0 = Release|Any CPU
		{D64E2946-E9A3-43F2-9896-9F44594B6947}.Release|iPhoneSimulator.ActiveCfg = Release|Any CPU
		{D64E2946-E9A3-43F2-9896-9F44594B6947}.Release|iPhoneSimulator.Build.0 = Release|Any CPU
		{8B983D25-2EA9-40A9-A58D-5C651B610D75}.Debug|Any CPU.ActiveCfg = Debug|Any CPU
		{8B983D25-2EA9-40A9-A58D-5C651B610D75}.Debug|Any CPU.Build.0 = Debug|Any CPU
		{8B983D25-2EA9-40A9-A58D-5C651B610D75}.Debug|iPhone.ActiveCfg = Debug|Any CPU
		{8B983D25-2EA9-40A9-A58D-5C651B610D75}.Debug|iPhone.Build.0 = Debug|Any CPU
		{8B983D25-2EA9-40A9-A58D-5C651B610D75}.Debug|iPhoneSimulator.ActiveCfg = Debug|Any CPU
		{8B983D25-2EA9-40A9-A58D-5C651B610D75}.Debug|iPhoneSimulator.Build.0 = Debug|Any CPU
		{8B983D25-2EA9-40A9-A58D-5C651B610D75}.Release|Any CPU.ActiveCfg = Release|Any CPU
		{8B983D25-2EA9-40A9-A58D-5C651B610D75}.Release|Any CPU.Build.0 = Release|Any CPU
		{8B983D25-2EA9-40A9-A58D-5C651B610D75}.Release|iPhone.ActiveCfg = Release|Any CPU
		{8B983D25-2EA9-40A9-A58D-5C651B610D75}.Release|iPhone.Build.0 = Release|Any CPU
		{8B983D25-2EA9-40A9-A58D-5C651B610D75}.Release|iPhoneSimulator.ActiveCfg = Release|Any CPU
		{8B983D25-2EA9-40A9-A58D-5C651B610D75}.Release|iPhoneSimulator.Build.0 = Release|Any CPU
		{CA5C7FDE-13E8-4544-82A5-4E288264AD4C}.Debug|Any CPU.ActiveCfg = Debug|Any CPU
		{CA5C7FDE-13E8-4544-82A5-4E288264AD4C}.Debug|Any CPU.Build.0 = Debug|Any CPU
		{CA5C7FDE-13E8-4544-82A5-4E288264AD4C}.Debug|Any CPU.Deploy.0 = Debug|Any CPU
		{CA5C7FDE-13E8-4544-82A5-4E288264AD4C}.Debug|iPhone.ActiveCfg = Debug|Any CPU
		{CA5C7FDE-13E8-4544-82A5-4E288264AD4C}.Debug|iPhone.Build.0 = Debug|Any CPU
		{CA5C7FDE-13E8-4544-82A5-4E288264AD4C}.Debug|iPhone.Deploy.0 = Debug|Any CPU
		{CA5C7FDE-13E8-4544-82A5-4E288264AD4C}.Debug|iPhoneSimulator.ActiveCfg = Debug|Any CPU
		{CA5C7FDE-13E8-4544-82A5-4E288264AD4C}.Debug|iPhoneSimulator.Build.0 = Debug|Any CPU
		{CA5C7FDE-13E8-4544-82A5-4E288264AD4C}.Debug|iPhoneSimulator.Deploy.0 = Debug|Any CPU
		{CA5C7FDE-13E8-4544-82A5-4E288264AD4C}.Release|Any CPU.ActiveCfg = Release|Any CPU
		{CA5C7FDE-13E8-4544-82A5-4E288264AD4C}.Release|Any CPU.Build.0 = Release|Any CPU
		{CA5C7FDE-13E8-4544-82A5-4E288264AD4C}.Release|Any CPU.Deploy.0 = Release|Any CPU
		{CA5C7FDE-13E8-4544-82A5-4E288264AD4C}.Release|iPhone.ActiveCfg = Release|Any CPU
		{CA5C7FDE-13E8-4544-82A5-4E288264AD4C}.Release|iPhone.Build.0 = Release|Any CPU
		{CA5C7FDE-13E8-4544-82A5-4E288264AD4C}.Release|iPhone.Deploy.0 = Release|Any CPU
		{CA5C7FDE-13E8-4544-82A5-4E288264AD4C}.Release|iPhoneSimulator.ActiveCfg = Release|Any CPU
		{CA5C7FDE-13E8-4544-82A5-4E288264AD4C}.Release|iPhoneSimulator.Build.0 = Release|Any CPU
		{CA5C7FDE-13E8-4544-82A5-4E288264AD4C}.Release|iPhoneSimulator.Deploy.0 = Release|Any CPU
		{8C3495BA-3000-4A8A-AC91-D4D42A8E8305}.Debug|Any CPU.ActiveCfg = Debug|iPhone
		{8C3495BA-3000-4A8A-AC91-D4D42A8E8305}.Debug|iPhone.ActiveCfg = Debug|iPhone
		{8C3495BA-3000-4A8A-AC91-D4D42A8E8305}.Debug|iPhone.Build.0 = Debug|iPhone
		{8C3495BA-3000-4A8A-AC91-D4D42A8E8305}.Debug|iPhoneSimulator.ActiveCfg = Debug|iPhoneSimulator
		{8C3495BA-3000-4A8A-AC91-D4D42A8E8305}.Debug|iPhoneSimulator.Build.0 = Debug|iPhoneSimulator
		{8C3495BA-3000-4A8A-AC91-D4D42A8E8305}.Release|Any CPU.ActiveCfg = Release|iPhone
		{8C3495BA-3000-4A8A-AC91-D4D42A8E8305}.Release|iPhone.ActiveCfg = Release|iPhone
		{8C3495BA-3000-4A8A-AC91-D4D42A8E8305}.Release|iPhone.Build.0 = Release|iPhone
		{8C3495BA-3000-4A8A-AC91-D4D42A8E8305}.Release|iPhoneSimulator.ActiveCfg = Release|iPhoneSimulator
		{8C3495BA-3000-4A8A-AC91-D4D42A8E8305}.Release|iPhoneSimulator.Build.0 = Release|iPhoneSimulator
	EndGlobalSection
	GlobalSection(SolutionProperties) = preSolution
		HideSolutionNode = FALSE
	EndGlobalSection
	GlobalSection(NestedProjects) = preSolution
		{C3E7E878-8F5E-4DA0-97AF-2C631D4F2C42} = {14D89BFA-CCB8-4699-B4A5-3FD498EDAF91}
		{DADD4AAE-BEF0-4387-BCFE-14DC8BDFDECE} = {47B42F80-76A3-4934-AC47-A93C2DF0B08F}
		{85C42C15-1F9A-45DD-B7BD-913B9D5B23A1} = {47B42F80-76A3-4934-AC47-A93C2DF0B08F}
		{598EAC70-9AF1-490B-B913-EB3FC03D38F6} = {DADD4AAE-BEF0-4387-BCFE-14DC8BDFDECE}
		{7F93E399-C344-4FFD-A162-2599CF046252} = {DADD4AAE-BEF0-4387-BCFE-14DC8BDFDECE}
		{D64E2946-E9A3-43F2-9896-9F44594B6947} = {DADD4AAE-BEF0-4387-BCFE-14DC8BDFDECE}
		{8B983D25-2EA9-40A9-A58D-5C651B610D75} = {85C42C15-1F9A-45DD-B7BD-913B9D5B23A1}
		{CA5C7FDE-13E8-4544-82A5-4E288264AD4C} = {85C42C15-1F9A-45DD-B7BD-913B9D5B23A1}
		{8C3495BA-3000-4A8A-AC91-D4D42A8E8305} = {85C42C15-1F9A-45DD-B7BD-913B9D5B23A1}
	EndGlobalSection
	GlobalSection(ExtensibilityGlobals) = postSolution
		SolutionGuid = {ACF01567-A5A9-4A4F-9C53-DF43FCD875A6}
	EndGlobalSection
EndGlobal
